// !$*UTF8*$!
{
	archiveVersion = 1;
	classes = {
	};
	objectVersion = 52;
	objects = {

/* Begin PBXBuildFile section */
		247247AF26A2AC420050AE89 /* CollectionDataSource.swift in Sources */ = {isa = PBXBuildFile; fileRef = 247247AD26A2AC420050AE89 /* CollectionDataSource.swift */; };
		247247B026A2AC420050AE89 /* TableViewDataSource.swift in Sources */ = {isa = PBXBuildFile; fileRef = 247247AE26A2AC420050AE89 /* TableViewDataSource.swift */; };
		247247B226A2AC680050AE89 /* Typealiases.swift in Sources */ = {isa = PBXBuildFile; fileRef = 247247B126A2AC680050AE89 /* Typealiases.swift */; };
		247247B426A2AC940050AE89 /* Page1TableDataSource.swift in Sources */ = {isa = PBXBuildFile; fileRef = 247247B326A2AC940050AE89 /* Page1TableDataSource.swift */; };
		247247B626A2ACFA0050AE89 /* BookManager.swift in Sources */ = {isa = PBXBuildFile; fileRef = 247247B526A2ACFA0050AE89 /* BookManager.swift */; };
		247247B926A2AD4E0050AE89 /* Endpoints.swift in Sources */ = {isa = PBXBuildFile; fileRef = 247247B826A2AD4E0050AE89 /* Endpoints.swift */; };
		247247BB26A2AD580050AE89 /* Models.swift in Sources */ = {isa = PBXBuildFile; fileRef = 247247BA26A2AD580050AE89 /* Models.swift */; };
		247247BF26A2D1FF0050AE89 /* Page1Cell.swift in Sources */ = {isa = PBXBuildFile; fileRef = 247247BD26A2D1FF0050AE89 /* Page1Cell.swift */; };
		247247C026A2D1FF0050AE89 /* Page1Cell.xib in Resources */ = {isa = PBXBuildFile; fileRef = 247247BE26A2D1FF0050AE89 /* Page1Cell.xib */; };
		247247C326A315120050AE89 /* Kingfisher in Frameworks */ = {isa = PBXBuildFile; productRef = 247247C226A315120050AE89 /* Kingfisher */; };
		24FF2C0926A1D751001CF52E /* AppDelegate.swift in Sources */ = {isa = PBXBuildFile; fileRef = 24FF2C0826A1D751001CF52E /* AppDelegate.swift */; };
		24FF2C0B26A1D751001CF52E /* SceneDelegate.swift in Sources */ = {isa = PBXBuildFile; fileRef = 24FF2C0A26A1D751001CF52E /* SceneDelegate.swift */; };
		24FF2C1226A1D752001CF52E /* Assets.xcassets in Resources */ = {isa = PBXBuildFile; fileRef = 24FF2C1126A1D752001CF52E /* Assets.xcassets */; };
		24FF2C1526A1D753001CF52E /* LaunchScreen.storyboard in Resources */ = {isa = PBXBuildFile; fileRef = 24FF2C1326A1D753001CF52E /* LaunchScreen.storyboard */; };
		24FF2C1E26A1D8B0001CF52E /* Page1Controller.storyboard in Resources */ = {isa = PBXBuildFile; fileRef = 24FF2C1D26A1D8B0001CF52E /* Page1Controller.storyboard */; };
		24FF2C2026A1D8C7001CF52E /* Page1Controller.swift in Sources */ = {isa = PBXBuildFile; fileRef = 24FF2C1F26A1D8C7001CF52E /* Page1Controller.swift */; };
		24FF2C2926A1D93B001CF52E /* Page2Controller.swift in Sources */ = {isa = PBXBuildFile; fileRef = 24FF2C2826A1D93B001CF52E /* Page2Controller.swift */; };
		24FF2C2B26A1D945001CF52E /* Page2Controller.storyboard in Resources */ = {isa = PBXBuildFile; fileRef = 24FF2C2A26A1D945001CF52E /* Page2Controller.storyboard */; };
		24FF2C2D26A1D966001CF52E /* Page3Controller.swift in Sources */ = {isa = PBXBuildFile; fileRef = 24FF2C2C26A1D966001CF52E /* Page3Controller.swift */; };
		24FF2C2F26A1D973001CF52E /* Page3Controller.storyboard in Resources */ = {isa = PBXBuildFile; fileRef = 24FF2C2E26A1D973001CF52E /* Page3Controller.storyboard */; };
		24FF2C3126A1D995001CF52E /* Page4Controller.swift in Sources */ = {isa = PBXBuildFile; fileRef = 24FF2C3026A1D995001CF52E /* Page4Controller.swift */; };
		24FF2C3326A1D9A0001CF52E /* Page4Controller.storyboard in Resources */ = {isa = PBXBuildFile; fileRef = 24FF2C3226A1D9A0001CF52E /* Page4Controller.storyboard */; };
		24FF2C3826A1DABF001CF52E /* Base.swift in Sources */ = {isa = PBXBuildFile; fileRef = 24FF2C3726A1DABF001CF52E /* Base.swift */; };
		24FF2C4026A1DAF8001CF52E /* AppCoordinator.swift in Sources */ = {isa = PBXBuildFile; fileRef = 24FF2C3C26A1DAF8001CF52E /* AppCoordinator.swift */; };
		24FF2C4126A1DAF8001CF52E /* Storyboarded.swift in Sources */ = {isa = PBXBuildFile; fileRef = 24FF2C3D26A1DAF8001CF52E /* Storyboarded.swift */; };
		24FF2C4226A1DAF8001CF52E /* CoordinatorProtocol.swift in Sources */ = {isa = PBXBuildFile; fileRef = 24FF2C3E26A1DAF8001CF52E /* CoordinatorProtocol.swift */; };
		24FF2C4326A1DAF8001CF52E /* CoordinatorDelegate.swift in Sources */ = {isa = PBXBuildFile; fileRef = 24FF2C3F26A1DAF8001CF52E /* CoordinatorDelegate.swift */; };
		24FF2C4826A1DBF2001CF52E /* MainTabbarController.swift in Sources */ = {isa = PBXBuildFile; fileRef = 24FF2C4626A1DBF2001CF52E /* MainTabbarController.swift */; };
		24FF2C4926A1DBF2001CF52E /* MainTabbarController.storyboard in Resources */ = {isa = PBXBuildFile; fileRef = 24FF2C4726A1DBF2001CF52E /* MainTabbarController.storyboard */; };
		24FF2C4C26A1DC7E001CF52E /* Page1Coordinator.swift in Sources */ = {isa = PBXBuildFile; fileRef = 24FF2C4B26A1DC7E001CF52E /* Page1Coordinator.swift */; };
		24FF2C5026A1DCC7001CF52E /* Page2Coordinator.swift in Sources */ = {isa = PBXBuildFile; fileRef = 24FF2C4F26A1DCC7001CF52E /* Page2Coordinator.swift */; };
		24FF2C5426A1DCEC001CF52E /* Page3Coordinator.swift in Sources */ = {isa = PBXBuildFile; fileRef = 24FF2C5326A1DCEC001CF52E /* Page3Coordinator.swift */; };
		24FF2C5826A1DD11001CF52E /* Page4Coordinator.swift in Sources */ = {isa = PBXBuildFile; fileRef = 24FF2C5726A1DD11001CF52E /* Page4Coordinator.swift */; };
		24FF2C5C26A1E0E6001CF52E /* NetworkManager.swift in Sources */ = {isa = PBXBuildFile; fileRef = 24FF2C5B26A1E0E6001CF52E /* NetworkManager.swift */; };
/* End PBXBuildFile section */

/* Begin PBXFileReference section */
		247247AD26A2AC420050AE89 /* CollectionDataSource.swift */ = {isa = PBXFileReference; fileEncoding = 4; lastKnownFileType = sourcecode.swift; path = CollectionDataSource.swift; sourceTree = "<group>"; };
		247247AE26A2AC420050AE89 /* TableViewDataSource.swift */ = {isa = PBXFileReference; fileEncoding = 4; lastKnownFileType = sourcecode.swift; path = TableViewDataSource.swift; sourceTree = "<group>"; };
		247247B126A2AC680050AE89 /* Typealiases.swift */ = {isa = PBXFileReference; fileEncoding = 4; lastKnownFileType = sourcecode.swift; path = Typealiases.swift; sourceTree = "<group>"; };
		247247B326A2AC940050AE89 /* Page1TableDataSource.swift */ = {isa = PBXFileReference; lastKnownFileType = sourcecode.swift; path = Page1TableDataSource.swift; sourceTree = "<group>"; };
		247247B526A2ACFA0050AE89 /* BookManager.swift */ = {isa = PBXFileReference; lastKnownFileType = sourcecode.swift; path = BookManager.swift; sourceTree = "<group>"; };
		247247B826A2AD4E0050AE89 /* Endpoints.swift */ = {isa = PBXFileReference; lastKnownFileType = sourcecode.swift; path = Endpoints.swift; sourceTree = "<group>"; };
		247247BA26A2AD580050AE89 /* Models.swift */ = {isa = PBXFileReference; lastKnownFileType = sourcecode.swift; path = Models.swift; sourceTree = "<group>"; };
		247247BD26A2D1FF0050AE89 /* Page1Cell.swift */ = {isa = PBXFileReference; lastKnownFileType = sourcecode.swift; path = Page1Cell.swift; sourceTree = "<group>"; };
		247247BE26A2D1FF0050AE89 /* Page1Cell.xib */ = {isa = PBXFileReference; lastKnownFileType = file.xib; path = Page1Cell.xib; sourceTree = "<group>"; };
		24FF2C0526A1D751001CF52E /* LadoTsivtsivadze_55.app */ = {isa = PBXFileReference; explicitFileType = wrapper.application; includeInIndex = 0; path = LadoTsivtsivadze_55.app; sourceTree = BUILT_PRODUCTS_DIR; };
		24FF2C0826A1D751001CF52E /* AppDelegate.swift */ = {isa = PBXFileReference; lastKnownFileType = sourcecode.swift; path = AppDelegate.swift; sourceTree = "<group>"; };
		24FF2C0A26A1D751001CF52E /* SceneDelegate.swift */ = {isa = PBXFileReference; lastKnownFileType = sourcecode.swift; path = SceneDelegate.swift; sourceTree = "<group>"; };
		24FF2C1126A1D752001CF52E /* Assets.xcassets */ = {isa = PBXFileReference; lastKnownFileType = folder.assetcatalog; path = Assets.xcassets; sourceTree = "<group>"; };
		24FF2C1426A1D753001CF52E /* Base */ = {isa = PBXFileReference; lastKnownFileType = file.storyboard; name = Base; path = Base.lproj/LaunchScreen.storyboard; sourceTree = "<group>"; };
		24FF2C1626A1D753001CF52E /* Info.plist */ = {isa = PBXFileReference; lastKnownFileType = text.plist.xml; path = Info.plist; sourceTree = "<group>"; };
		24FF2C1D26A1D8B0001CF52E /* Page1Controller.storyboard */ = {isa = PBXFileReference; lastKnownFileType = file.storyboard; path = Page1Controller.storyboard; sourceTree = "<group>"; };
		24FF2C1F26A1D8C7001CF52E /* Page1Controller.swift */ = {isa = PBXFileReference; lastKnownFileType = sourcecode.swift; path = Page1Controller.swift; sourceTree = "<group>"; };
		24FF2C2826A1D93B001CF52E /* Page2Controller.swift */ = {isa = PBXFileReference; lastKnownFileType = sourcecode.swift; path = Page2Controller.swift; sourceTree = "<group>"; };
		24FF2C2A26A1D945001CF52E /* Page2Controller.storyboard */ = {isa = PBXFileReference; lastKnownFileType = file.storyboard; path = Page2Controller.storyboard; sourceTree = "<group>"; };
		24FF2C2C26A1D966001CF52E /* Page3Controller.swift */ = {isa = PBXFileReference; lastKnownFileType = sourcecode.swift; path = Page3Controller.swift; sourceTree = "<group>"; };
		24FF2C2E26A1D973001CF52E /* Page3Controller.storyboard */ = {isa = PBXFileReference; lastKnownFileType = file.storyboard; path = Page3Controller.storyboard; sourceTree = "<group>"; };
		24FF2C3026A1D995001CF52E /* Page4Controller.swift */ = {isa = PBXFileReference; lastKnownFileType = sourcecode.swift; path = Page4Controller.swift; sourceTree = "<group>"; };
		24FF2C3226A1D9A0001CF52E /* Page4Controller.storyboard */ = {isa = PBXFileReference; lastKnownFileType = file.storyboard; path = Page4Controller.storyboard; sourceTree = "<group>"; };
		24FF2C3726A1DABF001CF52E /* Base.swift */ = {isa = PBXFileReference; lastKnownFileType = sourcecode.swift; path = Base.swift; sourceTree = "<group>"; };
		24FF2C3C26A1DAF8001CF52E /* AppCoordinator.swift */ = {isa = PBXFileReference; fileEncoding = 4; lastKnownFileType = sourcecode.swift; path = AppCoordinator.swift; sourceTree = "<group>"; };
		24FF2C3D26A1DAF8001CF52E /* Storyboarded.swift */ = {isa = PBXFileReference; fileEncoding = 4; lastKnownFileType = sourcecode.swift; path = Storyboarded.swift; sourceTree = "<group>"; };
		24FF2C3E26A1DAF8001CF52E /* CoordinatorProtocol.swift */ = {isa = PBXFileReference; fileEncoding = 4; lastKnownFileType = sourcecode.swift; path = CoordinatorProtocol.swift; sourceTree = "<group>"; };
		24FF2C3F26A1DAF8001CF52E /* CoordinatorDelegate.swift */ = {isa = PBXFileReference; fileEncoding = 4; lastKnownFileType = sourcecode.swift; path = CoordinatorDelegate.swift; sourceTree = "<group>"; };
		24FF2C4626A1DBF2001CF52E /* MainTabbarController.swift */ = {isa = PBXFileReference; fileEncoding = 4; lastKnownFileType = sourcecode.swift; path = MainTabbarController.swift; sourceTree = "<group>"; };
		24FF2C4726A1DBF2001CF52E /* MainTabbarController.storyboard */ = {isa = PBXFileReference; fileEncoding = 4; lastKnownFileType = file.storyboard; path = MainTabbarController.storyboard; sourceTree = "<group>"; };
		24FF2C4B26A1DC7E001CF52E /* Page1Coordinator.swift */ = {isa = PBXFileReference; fileEncoding = 4; lastKnownFileType = sourcecode.swift; path = Page1Coordinator.swift; sourceTree = "<group>"; };
		24FF2C4F26A1DCC7001CF52E /* Page2Coordinator.swift */ = {isa = PBXFileReference; fileEncoding = 4; lastKnownFileType = sourcecode.swift; path = Page2Coordinator.swift; sourceTree = "<group>"; };
		24FF2C5326A1DCEC001CF52E /* Page3Coordinator.swift */ = {isa = PBXFileReference; fileEncoding = 4; lastKnownFileType = sourcecode.swift; path = Page3Coordinator.swift; sourceTree = "<group>"; };
		24FF2C5726A1DD11001CF52E /* Page4Coordinator.swift */ = {isa = PBXFileReference; fileEncoding = 4; lastKnownFileType = sourcecode.swift; path = Page4Coordinator.swift; sourceTree = "<group>"; };
		24FF2C5B26A1E0E6001CF52E /* NetworkManager.swift */ = {isa = PBXFileReference; fileEncoding = 4; lastKnownFileType = sourcecode.swift; path = NetworkManager.swift; sourceTree = "<group>"; };
/* End PBXFileReference section */

/* Begin PBXFrameworksBuildPhase section */
		24FF2C0226A1D751001CF52E /* Frameworks */ = {
			isa = PBXFrameworksBuildPhase;
			buildActionMask = 2147483647;
			files = (
				247247C326A315120050AE89 /* Kingfisher in Frameworks */,
			);
			runOnlyForDeploymentPostprocessing = 0;
		};
/* End PBXFrameworksBuildPhase section */

/* Begin PBXGroup section */
		247247AA26A2ABFE0050AE89 /* ViewModel */ = {
			isa = PBXGroup;
			children = (
				247247B326A2AC940050AE89 /* Page1TableDataSource.swift */,
			);
			path = ViewModel;
			sourceTree = "<group>";
		};
		247247AB26A2AC420050AE89 /* Protocols */ = {
			isa = PBXGroup;
			children = (
				247247AC26A2AC420050AE89 /* DataSource */,
			);
			path = Protocols;
			sourceTree = "<group>";
		};
		247247AC26A2AC420050AE89 /* DataSource */ = {
			isa = PBXGroup;
			children = (
				247247AD26A2AC420050AE89 /* CollectionDataSource.swift */,
				247247AE26A2AC420050AE89 /* TableViewDataSource.swift */,
			);
			path = DataSource;
			sourceTree = "<group>";
		};
		247247B726A2AD200050AE89 /* Domain */ = {
			isa = PBXGroup;
			children = (
				247247B826A2AD4E0050AE89 /* Endpoints.swift */,
				247247BA26A2AD580050AE89 /* Models.swift */,
			);
			path = Domain;
			sourceTree = "<group>";
		};
		247247BC26A2D1DC0050AE89 /* Cells */ = {
			isa = PBXGroup;
			children = (
				247247BD26A2D1FF0050AE89 /* Page1Cell.swift */,
				247247BE26A2D1FF0050AE89 /* Page1Cell.xib */,
			);
			path = Cells;
			sourceTree = "<group>";
		};
		24FF2BFC26A1D751001CF52E = {
			isa = PBXGroup;
			children = (
				24FF2C0726A1D751001CF52E /* LadoTsivtsivadze_55 */,
				24FF2C0626A1D751001CF52E /* Products */,
			);
			sourceTree = "<group>";
		};
		24FF2C0626A1D751001CF52E /* Products */ = {
			isa = PBXGroup;
			children = (
				24FF2C0526A1D751001CF52E /* LadoTsivtsivadze_55.app */,
			);
			name = Products;
			sourceTree = "<group>";
		};
		24FF2C0726A1D751001CF52E /* LadoTsivtsivadze_55 */ = {
			isa = PBXGroup;
			children = (
				24FF2C1C26A1D7F1001CF52E /* App */,
				247247B726A2AD200050AE89 /* Domain */,
				24FF2C3526A1DA4F001CF52E /* Resources */,
				24FF2C2126A1D8D9001CF52E /* Presentation */,
				24FF2C3926A1DAD0001CF52E /* Infrastructure */,
				24FF2C3426A1DA46001CF52E /* Supporting Files */,
			);
			path = LadoTsivtsivadze_55;
			sourceTree = "<group>";
		};
		24FF2C1C26A1D7F1001CF52E /* App */ = {
			isa = PBXGroup;
			children = (
				24FF2C0826A1D751001CF52E /* AppDelegate.swift */,
				24FF2C0A26A1D751001CF52E /* SceneDelegate.swift */,
			);
			path = App;
			sourceTree = "<group>";
		};
		24FF2C2126A1D8D9001CF52E /* Presentation */ = {
			isa = PBXGroup;
			children = (
				24FF2C2226A1D8E1001CF52E /* Scenes */,
			);
			path = Presentation;
			sourceTree = "<group>";
		};
		24FF2C2226A1D8E1001CF52E /* Scenes */ = {
			isa = PBXGroup;
			children = (
				24FF2C3626A1DAAA001CF52E /* Base */,
				24FF2C4426A1DBF2001CF52E /* Main */,
				24FF2C2726A1D912001CF52E /* Page4Scene */,
				24FF2C2626A1D90B001CF52E /* Page3Scene */,
				24FF2C2526A1D904001CF52E /* Page2Scene */,
				24FF2C2326A1D8E9001CF52E /* Page1Scene */,
			);
			path = Scenes;
			sourceTree = "<group>";
		};
		24FF2C2326A1D8E9001CF52E /* Page1Scene */ = {
			isa = PBXGroup;
			children = (
				24FF2C4A26A1DC7E001CF52E /* Coordinator */,
				24FF2C2426A1D8FC001CF52E /* View */,
				247247AA26A2ABFE0050AE89 /* ViewModel */,
			);
			path = Page1Scene;
			sourceTree = "<group>";
		};
		24FF2C2426A1D8FC001CF52E /* View */ = {
			isa = PBXGroup;
			children = (
				247247BC26A2D1DC0050AE89 /* Cells */,
				24FF2C1D26A1D8B0001CF52E /* Page1Controller.storyboard */,
				24FF2C1F26A1D8C7001CF52E /* Page1Controller.swift */,
			);
			path = View;
			sourceTree = "<group>";
		};
		24FF2C2526A1D904001CF52E /* Page2Scene */ = {
			isa = PBXGroup;
			children = (
				24FF2C4E26A1DCC7001CF52E /* Coordinator */,
				24FF2C4D26A1DCBB001CF52E /* View */,
			);
			path = Page2Scene;
			sourceTree = "<group>";
		};
		24FF2C2626A1D90B001CF52E /* Page3Scene */ = {
			isa = PBXGroup;
			children = (
				24FF2C5226A1DCEC001CF52E /* Coordinator */,
				24FF2C5126A1DCE1001CF52E /* View */,
			);
			path = Page3Scene;
			sourceTree = "<group>";
		};
		24FF2C2726A1D912001CF52E /* Page4Scene */ = {
			isa = PBXGroup;
			children = (
				24FF2C5626A1DD11001CF52E /* Coordinator */,
				24FF2C5526A1DD06001CF52E /* View */,
			);
			path = Page4Scene;
			sourceTree = "<group>";
		};
		24FF2C3426A1DA46001CF52E /* Supporting Files */ = {
			isa = PBXGroup;
			children = (
				24FF2C1326A1D753001CF52E /* LaunchScreen.storyboard */,
				24FF2C1626A1D753001CF52E /* Info.plist */,
			);
			path = "Supporting Files";
			sourceTree = "<group>";
		};
		24FF2C3526A1DA4F001CF52E /* Resources */ = {
			isa = PBXGroup;
			children = (
				24FF2C1126A1D752001CF52E /* Assets.xcassets */,
			);
			path = Resources;
			sourceTree = "<group>";
		};
		24FF2C3626A1DAAA001CF52E /* Base */ = {
			isa = PBXGroup;
			children = (
				24FF2C3726A1DABF001CF52E /* Base.swift */,
			);
			path = Base;
			sourceTree = "<group>";
		};
		24FF2C3926A1DAD0001CF52E /* Infrastructure */ = {
			isa = PBXGroup;
			children = (
				247247B126A2AC680050AE89 /* Typealiases.swift */,
				247247AB26A2AC420050AE89 /* Protocols */,
				24FF2C5A26A1E0D9001CF52E /* Managers */,
				24FF2C3B26A1DAF8001CF52E /* Coordinator */,
			);
			path = Infrastructure;
			sourceTree = "<group>";
		};
		24FF2C3B26A1DAF8001CF52E /* Coordinator */ = {
			isa = PBXGroup;
			children = (
				24FF2C3C26A1DAF8001CF52E /* AppCoordinator.swift */,
				24FF2C3D26A1DAF8001CF52E /* Storyboarded.swift */,
				24FF2C3E26A1DAF8001CF52E /* CoordinatorProtocol.swift */,
				24FF2C3F26A1DAF8001CF52E /* CoordinatorDelegate.swift */,
			);
			path = Coordinator;
			sourceTree = "<group>";
		};
		24FF2C4426A1DBF2001CF52E /* Main */ = {
			isa = PBXGroup;
			children = (
				24FF2C4526A1DBF2001CF52E /* View */,
			);
			path = Main;
			sourceTree = "<group>";
		};
		24FF2C4526A1DBF2001CF52E /* View */ = {
			isa = PBXGroup;
			children = (
				24FF2C4626A1DBF2001CF52E /* MainTabbarController.swift */,
				24FF2C4726A1DBF2001CF52E /* MainTabbarController.storyboard */,
			);
			path = View;
			sourceTree = "<group>";
		};
		24FF2C4A26A1DC7E001CF52E /* Coordinator */ = {
			isa = PBXGroup;
			children = (
				24FF2C4B26A1DC7E001CF52E /* Page1Coordinator.swift */,
			);
			path = Coordinator;
			sourceTree = "<group>";
		};
		24FF2C4D26A1DCBB001CF52E /* View */ = {
			isa = PBXGroup;
			children = (
				24FF2C2826A1D93B001CF52E /* Page2Controller.swift */,
				24FF2C2A26A1D945001CF52E /* Page2Controller.storyboard */,
			);
			path = View;
			sourceTree = "<group>";
		};
		24FF2C4E26A1DCC7001CF52E /* Coordinator */ = {
			isa = PBXGroup;
			children = (
				24FF2C4F26A1DCC7001CF52E /* Page2Coordinator.swift */,
			);
			path = Coordinator;
			sourceTree = "<group>";
		};
		24FF2C5126A1DCE1001CF52E /* View */ = {
			isa = PBXGroup;
			children = (
				24FF2C2C26A1D966001CF52E /* Page3Controller.swift */,
				24FF2C2E26A1D973001CF52E /* Page3Controller.storyboard */,
			);
			path = View;
			sourceTree = "<group>";
		};
		24FF2C5226A1DCEC001CF52E /* Coordinator */ = {
			isa = PBXGroup;
			children = (
				24FF2C5326A1DCEC001CF52E /* Page3Coordinator.swift */,
			);
			path = Coordinator;
			sourceTree = "<group>";
		};
		24FF2C5526A1DD06001CF52E /* View */ = {
			isa = PBXGroup;
			children = (
				24FF2C3026A1D995001CF52E /* Page4Controller.swift */,
				24FF2C3226A1D9A0001CF52E /* Page4Controller.storyboard */,
			);
			path = View;
			sourceTree = "<group>";
		};
		24FF2C5626A1DD11001CF52E /* Coordinator */ = {
			isa = PBXGroup;
			children = (
				24FF2C5726A1DD11001CF52E /* Page4Coordinator.swift */,
			);
			path = Coordinator;
			sourceTree = "<group>";
		};
		24FF2C5A26A1E0D9001CF52E /* Managers */ = {
			isa = PBXGroup;
			children = (
				24FF2C5B26A1E0E6001CF52E /* NetworkManager.swift */,
				247247B526A2ACFA0050AE89 /* BookManager.swift */,
			);
			path = Managers;
			sourceTree = "<group>";
		};
/* End PBXGroup section */

/* Begin PBXNativeTarget section */
		24FF2C0426A1D751001CF52E /* LadoTsivtsivadze_55 */ = {
			isa = PBXNativeTarget;
			buildConfigurationList = 24FF2C1926A1D753001CF52E /* Build configuration list for PBXNativeTarget "LadoTsivtsivadze_55" */;
			buildPhases = (
				24FF2C0126A1D751001CF52E /* Sources */,
				24FF2C0226A1D751001CF52E /* Frameworks */,
				24FF2C0326A1D751001CF52E /* Resources */,
			);
			buildRules = (
			);
			dependencies = (
			);
			name = LadoTsivtsivadze_55;
			packageProductDependencies = (
				247247C226A315120050AE89 /* Kingfisher */,
			);
			productName = LadoTsivtsivadze_55;
			productReference = 24FF2C0526A1D751001CF52E /* LadoTsivtsivadze_55.app */;
			productType = "com.apple.product-type.application";
		};
/* End PBXNativeTarget section */

/* Begin PBXProject section */
		24FF2BFD26A1D751001CF52E /* Project object */ = {
			isa = PBXProject;
			attributes = {
				LastSwiftUpdateCheck = 1250;
				LastUpgradeCheck = 1250;
				TargetAttributes = {
					24FF2C0426A1D751001CF52E = {
						CreatedOnToolsVersion = 12.5;
					};
				};
			};
			buildConfigurationList = 24FF2C0026A1D751001CF52E /* Build configuration list for PBXProject "LadoTsivtsivadze_55" */;
			compatibilityVersion = "Xcode 9.3";
			developmentRegion = en;
			hasScannedForEncodings = 0;
			knownRegions = (
				en,
				Base,
			);
			mainGroup = 24FF2BFC26A1D751001CF52E;
			packageReferences = (
				247247C126A315120050AE89 /* XCRemoteSwiftPackageReference "Kingfisher" */,
			);
			productRefGroup = 24FF2C0626A1D751001CF52E /* Products */;
			projectDirPath = "";
			projectRoot = "";
			targets = (
				24FF2C0426A1D751001CF52E /* LadoTsivtsivadze_55 */,
			);
		};
/* End PBXProject section */

/* Begin PBXResourcesBuildPhase section */
		24FF2C0326A1D751001CF52E /* Resources */ = {
			isa = PBXResourcesBuildPhase;
			buildActionMask = 2147483647;
			files = (
				24FF2C2B26A1D945001CF52E /* Page2Controller.storyboard in Resources */,
				24FF2C2F26A1D973001CF52E /* Page3Controller.storyboard in Resources */,
				24FF2C4926A1DBF2001CF52E /* MainTabbarController.storyboard in Resources */,
				24FF2C1526A1D753001CF52E /* LaunchScreen.storyboard in Resources */,
				247247C026A2D1FF0050AE89 /* Page1Cell.xib in Resources */,
				24FF2C1E26A1D8B0001CF52E /* Page1Controller.storyboard in Resources */,
				24FF2C3326A1D9A0001CF52E /* Page4Controller.storyboard in Resources */,
				24FF2C1226A1D752001CF52E /* Assets.xcassets in Resources */,
			);
			runOnlyForDeploymentPostprocessing = 0;
		};
/* End PBXResourcesBuildPhase section */

/* Begin PBXSourcesBuildPhase section */
		24FF2C0126A1D751001CF52E /* Sources */ = {
			isa = PBXSourcesBuildPhase;
			buildActionMask = 2147483647;
			files = (
				24FF2C4326A1DAF8001CF52E /* CoordinatorDelegate.swift in Sources */,
				24FF2C0926A1D751001CF52E /* AppDelegate.swift in Sources */,
				247247B626A2ACFA0050AE89 /* BookManager.swift in Sources */,
				247247BB26A2AD580050AE89 /* Models.swift in Sources */,
				247247AF26A2AC420050AE89 /* CollectionDataSource.swift in Sources */,
				247247BF26A2D1FF0050AE89 /* Page1Cell.swift in Sources */,
				24FF2C5426A1DCEC001CF52E /* Page3Coordinator.swift in Sources */,
				24FF2C4826A1DBF2001CF52E /* MainTabbarController.swift in Sources */,
				24FF2C2026A1D8C7001CF52E /* Page1Controller.swift in Sources */,
				24FF2C4226A1DAF8001CF52E /* CoordinatorProtocol.swift in Sources */,
				24FF2C5026A1DCC7001CF52E /* Page2Coordinator.swift in Sources */,
				24FF2C0B26A1D751001CF52E /* SceneDelegate.swift in Sources */,
				24FF2C2D26A1D966001CF52E /* Page3Controller.swift in Sources */,
				24FF2C4026A1DAF8001CF52E /* AppCoordinator.swift in Sources */,
				247247B926A2AD4E0050AE89 /* Endpoints.swift in Sources */,
				247247B426A2AC940050AE89 /* Page1TableDataSource.swift in Sources */,
				24FF2C5C26A1E0E6001CF52E /* NetworkManager.swift in Sources */,
				247247B226A2AC680050AE89 /* Typealiases.swift in Sources */,
				24FF2C4C26A1DC7E001CF52E /* Page1Coordinator.swift in Sources */,
				24FF2C4126A1DAF8001CF52E /* Storyboarded.swift in Sources */,
				24FF2C2926A1D93B001CF52E /* Page2Controller.swift in Sources */,
				24FF2C5826A1DD11001CF52E /* Page4Coordinator.swift in Sources */,
				24FF2C3826A1DABF001CF52E /* Base.swift in Sources */,
				247247B026A2AC420050AE89 /* TableViewDataSource.swift in Sources */,
				24FF2C3126A1D995001CF52E /* Page4Controller.swift in Sources */,
			);
			runOnlyForDeploymentPostprocessing = 0;
		};
/* End PBXSourcesBuildPhase section */

/* Begin PBXVariantGroup section */
		24FF2C1326A1D753001CF52E /* LaunchScreen.storyboard */ = {
			isa = PBXVariantGroup;
			children = (
				24FF2C1426A1D753001CF52E /* Base */,
			);
			name = LaunchScreen.storyboard;
			sourceTree = "<group>";
		};
/* End PBXVariantGroup section */

/* Begin XCBuildConfiguration section */
		24FF2C1726A1D753001CF52E /* Debug */ = {
			isa = XCBuildConfiguration;
			buildSettings = {
				ALWAYS_SEARCH_USER_PATHS = NO;
				CLANG_ANALYZER_NONNULL = YES;
				CLANG_ANALYZER_NUMBER_OBJECT_CONVERSION = YES_AGGRESSIVE;
				CLANG_CXX_LANGUAGE_STANDARD = "gnu++14";
				CLANG_CXX_LIBRARY = "libc++";
				CLANG_ENABLE_MODULES = YES;
				CLANG_ENABLE_OBJC_ARC = YES;
				CLANG_ENABLE_OBJC_WEAK = YES;
				CLANG_WARN_BLOCK_CAPTURE_AUTORELEASING = YES;
				CLANG_WARN_BOOL_CONVERSION = YES;
				CLANG_WARN_COMMA = YES;
				CLANG_WARN_CONSTANT_CONVERSION = YES;
				CLANG_WARN_DEPRECATED_OBJC_IMPLEMENTATIONS = YES;
				CLANG_WARN_DIRECT_OBJC_ISA_USAGE = YES_ERROR;
				CLANG_WARN_DOCUMENTATION_COMMENTS = YES;
				CLANG_WARN_EMPTY_BODY = YES;
				CLANG_WARN_ENUM_CONVERSION = YES;
				CLANG_WARN_INFINITE_RECURSION = YES;
				CLANG_WARN_INT_CONVERSION = YES;
				CLANG_WARN_NON_LITERAL_NULL_CONVERSION = YES;
				CLANG_WARN_OBJC_IMPLICIT_RETAIN_SELF = YES;
				CLANG_WARN_OBJC_LITERAL_CONVERSION = YES;
				CLANG_WARN_OBJC_ROOT_CLASS = YES_ERROR;
				CLANG_WARN_QUOTED_INCLUDE_IN_FRAMEWORK_HEADER = YES;
				CLANG_WARN_RANGE_LOOP_ANALYSIS = YES;
				CLANG_WARN_STRICT_PROTOTYPES = YES;
				CLANG_WARN_SUSPICIOUS_MOVE = YES;
				CLANG_WARN_UNGUARDED_AVAILABILITY = YES_AGGRESSIVE;
				CLANG_WARN_UNREACHABLE_CODE = YES;
				CLANG_WARN__DUPLICATE_METHOD_MATCH = YES;
				COPY_PHASE_STRIP = NO;
				DEBUG_INFORMATION_FORMAT = dwarf;
				ENABLE_STRICT_OBJC_MSGSEND = YES;
				ENABLE_TESTABILITY = YES;
				GCC_C_LANGUAGE_STANDARD = gnu11;
				GCC_DYNAMIC_NO_PIC = NO;
				GCC_NO_COMMON_BLOCKS = YES;
				GCC_OPTIMIZATION_LEVEL = 0;
				GCC_PREPROCESSOR_DEFINITIONS = (
					"DEBUG=1",
					"$(inherited)",
				);
				GCC_WARN_64_TO_32_BIT_CONVERSION = YES;
				GCC_WARN_ABOUT_RETURN_TYPE = YES_ERROR;
				GCC_WARN_UNDECLARED_SELECTOR = YES;
				GCC_WARN_UNINITIALIZED_AUTOS = YES_AGGRESSIVE;
				GCC_WARN_UNUSED_FUNCTION = YES;
				GCC_WARN_UNUSED_VARIABLE = YES;
				IPHONEOS_DEPLOYMENT_TARGET = 14.5;
				MTL_ENABLE_DEBUG_INFO = INCLUDE_SOURCE;
				MTL_FAST_MATH = YES;
				ONLY_ACTIVE_ARCH = YES;
				SDKROOT = iphoneos;
				SWIFT_ACTIVE_COMPILATION_CONDITIONS = DEBUG;
				SWIFT_OPTIMIZATION_LEVEL = "-Onone";
			};
			name = Debug;
		};
		24FF2C1826A1D753001CF52E /* Release */ = {
			isa = XCBuildConfiguration;
			buildSettings = {
				ALWAYS_SEARCH_USER_PATHS = NO;
				CLANG_ANALYZER_NONNULL = YES;
				CLANG_ANALYZER_NUMBER_OBJECT_CONVERSION = YES_AGGRESSIVE;
				CLANG_CXX_LANGUAGE_STANDARD = "gnu++14";
				CLANG_CXX_LIBRARY = "libc++";
				CLANG_ENABLE_MODULES = YES;
				CLANG_ENABLE_OBJC_ARC = YES;
				CLANG_ENABLE_OBJC_WEAK = YES;
				CLANG_WARN_BLOCK_CAPTURE_AUTORELEASING = YES;
				CLANG_WARN_BOOL_CONVERSION = YES;
				CLANG_WARN_COMMA = YES;
				CLANG_WARN_CONSTANT_CONVERSION = YES;
				CLANG_WARN_DEPRECATED_OBJC_IMPLEMENTATIONS = YES;
				CLANG_WARN_DIRECT_OBJC_ISA_USAGE = YES_ERROR;
				CLANG_WARN_DOCUMENTATION_COMMENTS = YES;
				CLANG_WARN_EMPTY_BODY = YES;
				CLANG_WARN_ENUM_CONVERSION = YES;
				CLANG_WARN_INFINITE_RECURSION = YES;
				CLANG_WARN_INT_CONVERSION = YES;
				CLANG_WARN_NON_LITERAL_NULL_CONVERSION = YES;
				CLANG_WARN_OBJC_IMPLICIT_RETAIN_SELF = YES;
				CLANG_WARN_OBJC_LITERAL_CONVERSION = YES;
				CLANG_WARN_OBJC_ROOT_CLASS = YES_ERROR;
				CLANG_WARN_QUOTED_INCLUDE_IN_FRAMEWORK_HEADER = YES;
				CLANG_WARN_RANGE_LOOP_ANALYSIS = YES;
				CLANG_WARN_STRICT_PROTOTYPES = YES;
				CLANG_WARN_SUSPICIOUS_MOVE = YES;
				CLANG_WARN_UNGUARDED_AVAILABILITY = YES_AGGRESSIVE;
				CLANG_WARN_UNREACHABLE_CODE = YES;
				CLANG_WARN__DUPLICATE_METHOD_MATCH = YES;
				COPY_PHASE_STRIP = NO;
				DEBUG_INFORMATION_FORMAT = "dwarf-with-dsym";
				ENABLE_NS_ASSERTIONS = NO;
				ENABLE_STRICT_OBJC_MSGSEND = YES;
				GCC_C_LANGUAGE_STANDARD = gnu11;
				GCC_NO_COMMON_BLOCKS = YES;
				GCC_WARN_64_TO_32_BIT_CONVERSION = YES;
				GCC_WARN_ABOUT_RETURN_TYPE = YES_ERROR;
				GCC_WARN_UNDECLARED_SELECTOR = YES;
				GCC_WARN_UNINITIALIZED_AUTOS = YES_AGGRESSIVE;
				GCC_WARN_UNUSED_FUNCTION = YES;
				GCC_WARN_UNUSED_VARIABLE = YES;
				IPHONEOS_DEPLOYMENT_TARGET = 14.5;
				MTL_ENABLE_DEBUG_INFO = NO;
				MTL_FAST_MATH = YES;
				SDKROOT = iphoneos;
				SWIFT_COMPILATION_MODE = wholemodule;
				SWIFT_OPTIMIZATION_LEVEL = "-O";
				VALIDATE_PRODUCT = YES;
			};
			name = Release;
		};
		24FF2C1A26A1D753001CF52E /* Debug */ = {
			isa = XCBuildConfiguration;
			buildSettings = {
				ASSETCATALOG_COMPILER_APPICON_NAME = AppIcon;
				ASSETCATALOG_COMPILER_GLOBAL_ACCENT_COLOR_NAME = AccentColor;
				CODE_SIGN_STYLE = Automatic;
				DEVELOPMENT_TEAM = 8C7J4PSQLX;
				INFOPLIST_FILE = "LadoTsivtsivadze_55/Supporting Files/Info.plist";
				LD_RUNPATH_SEARCH_PATHS = (
					"$(inherited)",
					"@executable_path/Frameworks",
				);
				PRODUCT_BUNDLE_IDENTIFIER = "com.ladotsivtsivadze.LadoTsivtsivadze-55";
				PRODUCT_NAME = "$(TARGET_NAME)";
				SWIFT_VERSION = 5.0;
				TARGETED_DEVICE_FAMILY = "1,2";
			};
			name = Debug;
		};
		24FF2C1B26A1D753001CF52E /* Release */ = {
			isa = XCBuildConfiguration;
			buildSettings = {
				ASSETCATALOG_COMPILER_APPICON_NAME = AppIcon;
				ASSETCATALOG_COMPILER_GLOBAL_ACCENT_COLOR_NAME = AccentColor;
				CODE_SIGN_STYLE = Automatic;
				DEVELOPMENT_TEAM = 8C7J4PSQLX;
				INFOPLIST_FILE = "LadoTsivtsivadze_55/Supporting Files/Info.plist";
				LD_RUNPATH_SEARCH_PATHS = (
					"$(inherited)",
					"@executable_path/Frameworks",
				);
				PRODUCT_BUNDLE_IDENTIFIER = "com.ladotsivtsivadze.LadoTsivtsivadze-55";
				PRODUCT_NAME = "$(TARGET_NAME)";
				SWIFT_VERSION = 5.0;
				TARGETED_DEVICE_FAMILY = "1,2";
			};
			name = Release;
		};
/* End XCBuildConfiguration section */

/* Begin XCConfigurationList section */
		24FF2C0026A1D751001CF52E /* Build configuration list for PBXProject "LadoTsivtsivadze_55" */ = {
			isa = XCConfigurationList;
			buildConfigurations = (
				24FF2C1726A1D753001CF52E /* Debug */,
				24FF2C1826A1D753001CF52E /* Release */,
			);
			defaultConfigurationIsVisible = 0;
			defaultConfigurationName = Release;
		};
		24FF2C1926A1D753001CF52E /* Build configuration list for PBXNativeTarget "LadoTsivtsivadze_55" */ = {
			isa = XCConfigurationList;
			buildConfigurations = (
				24FF2C1A26A1D753001CF52E /* Debug */,
				24FF2C1B26A1D753001CF52E /* Release */,
			);
			defaultConfigurationIsVisible = 0;
			defaultConfigurationName = Release;
		};
/* End XCConfigurationList section */

/* Begin XCRemoteSwiftPackageReference section */
		247247C126A315120050AE89 /* XCRemoteSwiftPackageReference "Kingfisher" */ = {
			isa = XCRemoteSwiftPackageReference;
			repositoryURL = "https://github.com/onevcat/Kingfisher";
			requirement = {
				kind = upToNextMajorVersion;
				minimumVersion = 6.3.0;
			};
		};
/* End XCRemoteSwiftPackageReference section */

/* Begin XCSwiftPackageProductDependency section */
		247247C226A315120050AE89 /* Kingfisher */ = {
			isa = XCSwiftPackageProductDependency;
			package = 247247C126A315120050AE89 /* XCRemoteSwiftPackageReference "Kingfisher" */;
			productName = Kingfisher;
		};
/* End XCSwiftPackageProductDependency section */
	};
	rootObject = 24FF2BFD26A1D751001CF52E /* Project object */;
}
